<?xml version="1.0" encoding="UTF-8" standalone="yes" ?>
<CodeBlocks_project_file>
	<FileVersion major="1" minor="6" />
	<Project>
		<Option title="ut_libMatchMakerData" />
		<Option pch_mode="2" />
		<Option compiler="gcc" />
		<Build>
			<Target title="Debug">
				<Option output="bin/Debug/ut_libMatchMakerData" prefix_auto="1" extension_auto="1" />
				<Option object_output="obj/Debug/" />
				<Option type="1" />
				<Option compiler="gcc" />
				<Compiler>
					<Add option="-g" />
				</Compiler>
			</Target>
			<Target title="Release">
				<Option output="bin/Release/ut_libMatchMakerData" prefix_auto="1" extension_auto="1" />
				<Option object_output="obj/Release/" />
				<Option type="1" />
				<Option compiler="gcc" />
				<Compiler>
					<Add option="-O2" />
				</Compiler>
				<Linker>
					<Add option="-s" />
				</Linker>
			</Target>
			<Target title="libmatchmakingdata">
				<Option output="ut_libMatchMakerData" prefix_auto="1" extension_auto="1" />
				<Option working_dir="" />
				<Option object_output="obj/libmatchmakingdata/" />
				<Option type="2" />
				<Option compiler="gcc" />
				<Option createDefFile="1" />
				<Compiler>
					<Add option="-O2" />
				</Compiler>
				<Linker>
					<Add option="-s" />
				</Linker>
			</Target>
		</Build>
		<Compiler>
			<Add option="-std=c++0x" />
			<Add option="-Wall" />
			<Add directory="../../libMatchmakerData/include" />
			<Add directory="/usr/local/include/soci" />
			<Add directory="/usr/include/postgresql/" />
			<Add directory="/home/rodrigo/dev/matchmaker/libMatchmakerData/bin" />
		</Compiler>
		<Linker>
			<Add option="-lgtest" />
			<Add option="-pthread" />
			<Add option="-lmatchmakerdata" />
			<Add option="-lsoci_core" />
			<Add option="-lsoci_postgresql" />
			<Add directory="/home/rodrigo/dev/matchmaker/libMatchmakerData/bin" />
		</Linker>
		<Unit filename="loadConnection.cpp" />
		<Unit filename="loadConnection.h" />
		<Unit filename="main.cpp" />
		<Unit filename="ut_customobject.cpp" />
		<Unit filename="ut_customobjectdao.cpp" />
		<Unit filename="ut_databasemanager.cpp" />
		<Unit filename="ut_match.cpp" />
		<Unit filename="ut_matchdao.cpp" />
		<Unit filename="ut_profile.cpp" />
		<Unit filename="ut_profiledao.cpp" />
		<Unit filename="ut_request.cpp" />
		<Unit filename="ut_requestdao.cpp" />
		<Unit filename="ut_room.cpp" />
		<Unit filename="ut_roomdao.cpp" />
		<Extensions>
			<code_completion />
			<debugger />
		</Extensions>
	</Project>
</CodeBlocks_project_file>
